// !$*UTF8*$!
{
	archiveVersion = 1;
	classes = {
	};
	objectVersion = 56;
	objects = {

/* Begin PBXBuildFile section */
		56049E3629A20BE400E8E551 /* HTTPView.swift in Sources */ = {isa = PBXBuildFile; fileRef = 56049E3529A20BE400E8E551 /* HTTPView.swift */; };
		56049E3829A20E4D00E8E551 /* WebSocketView.swift in Sources */ = {isa = PBXBuildFile; fileRef = 56049E3729A20E4D00E8E551 /* WebSocketView.swift */; };
		56121C1F29E26FD40055BD28 /* ChartView.swift in Sources */ = {isa = PBXBuildFile; fileRef = 56121C1E29E26FD40055BD28 /* ChartView.swift */; };
		56121C2229E2703A0055BD28 /* ChartViewData.swift in Sources */ = {isa = PBXBuildFile; fileRef = 56121C2129E2703A0055BD28 /* ChartViewData.swift */; };
		56121C2529E270750055BD28 /* ChartViewModel.swift in Sources */ = {isa = PBXBuildFile; fileRef = 56121C2429E270750055BD28 /* ChartViewModel.swift */; };
		56121C2729E271610055BD28 /* FetchPhase.swift in Sources */ = {isa = PBXBuildFile; fileRef = 56121C2629E271610055BD28 /* FetchPhase.swift */; };
		56121C2A29E272AF0055BD28 /* StocksAPI.swift in Sources */ = {isa = PBXBuildFile; fileRef = 56121C2929E272AF0055BD28 /* StocksAPI.swift */; };
		56121C2C29E272F30055BD28 /* Chart.swift in Sources */ = {isa = PBXBuildFile; fileRef = 56121C2B29E272F30055BD28 /* Chart.swift */; };
		56121C2F29E2ED8C0055BD28 /* Foundation+Extensions.swift in Sources */ = {isa = PBXBuildFile; fileRef = 56121C2E29E2ED8C0055BD28 /* Foundation+Extensions.swift */; };
		56121C3229E2EF1D0055BD28 /* Chart_Stubs.swift in Sources */ = {isa = PBXBuildFile; fileRef = 56121C3129E2EF1D0055BD28 /* Chart_Stubs.swift */; };
		56121C3429E2F59E0055BD28 /* Utils.swift in Sources */ = {isa = PBXBuildFile; fileRef = 56121C3329E2F59E0055BD28 /* Utils.swift */; };
		562EA7E929A2131D00F781CE /* APIConfig.swift in Sources */ = {isa = PBXBuildFile; fileRef = 562EA7E829A2131D00F781CE /* APIConfig.swift */; };
		56C347F32923CAC300F60604 /* Realtime_DemoApp.swift in Sources */ = {isa = PBXBuildFile; fileRef = 56C347F22923CAC300F60604 /* Realtime_DemoApp.swift */; };
		56C347F52923CAC300F60604 /* ContentView.swift in Sources */ = {isa = PBXBuildFile; fileRef = 56C347F42923CAC300F60604 /* ContentView.swift */; };
		56C347F72923CAC300F60604 /* Assets.xcassets in Resources */ = {isa = PBXBuildFile; fileRef = 56C347F62923CAC300F60604 /* Assets.xcassets */; };
		56C347FA2923CAC300F60604 /* Preview Assets.xcassets in Resources */ = {isa = PBXBuildFile; fileRef = 56C347F92923CAC300F60604 /* Preview Assets.xcassets */; };
		56C348042923CAC300F60604 /* Realtime_DemoTests.swift in Sources */ = {isa = PBXBuildFile; fileRef = 56C348032923CAC300F60604 /* Realtime_DemoTests.swift */; };
		56C3480E2923CAC300F60604 /* Realtime_DemoUITests.swift in Sources */ = {isa = PBXBuildFile; fileRef = 56C3480D2923CAC300F60604 /* Realtime_DemoUITests.swift */; };
		56C348102923CAC300F60604 /* Realtime_DemoUITestsLaunchTests.swift in Sources */ = {isa = PBXBuildFile; fileRef = 56C3480F2923CAC300F60604 /* Realtime_DemoUITestsLaunchTests.swift */; };
		56C3481E2923CAE300F60604 /* fugle-realtime-swift in Frameworks */ = {isa = PBXBuildFile; productRef = 56C3481D2923CAE300F60604 /* fugle-realtime-swift */; };
/* End PBXBuildFile section */

/* Begin PBXContainerItemProxy section */
		56C348002923CAC300F60604 /* PBXContainerItemProxy */ = {
			isa = PBXContainerItemProxy;
			containerPortal = 56C347E72923CAC300F60604 /* Project object */;
			proxyType = 1;
			remoteGlobalIDString = 56C347EE2923CAC300F60604;
			remoteInfo = "Realtime Demo";
		};
		56C3480A2923CAC300F60604 /* PBXContainerItemProxy */ = {
			isa = PBXContainerItemProxy;
			containerPortal = 56C347E72923CAC300F60604 /* Project object */;
			proxyType = 1;
			remoteGlobalIDString = 56C347EE2923CAC300F60604;
			remoteInfo = "Realtime Demo";
		};
/* End PBXContainerItemProxy section */

/* Begin PBXFileReference section */
		56049E3529A20BE400E8E551 /* HTTPView.swift */ = {isa = PBXFileReference; lastKnownFileType = sourcecode.swift; path = HTTPView.swift; sourceTree = "<group>"; };
		56049E3729A20E4D00E8E551 /* WebSocketView.swift */ = {isa = PBXFileReference; lastKnownFileType = sourcecode.swift; path = WebSocketView.swift; sourceTree = "<group>"; };
		56121C1E29E26FD40055BD28 /* ChartView.swift */ = {isa = PBXFileReference; lastKnownFileType = sourcecode.swift; path = ChartView.swift; sourceTree = "<group>"; };
		56121C2129E2703A0055BD28 /* ChartViewData.swift */ = {isa = PBXFileReference; lastKnownFileType = sourcecode.swift; path = ChartViewData.swift; sourceTree = "<group>"; };
		56121C2429E270750055BD28 /* ChartViewModel.swift */ = {isa = PBXFileReference; lastKnownFileType = sourcecode.swift; path = ChartViewModel.swift; sourceTree = "<group>"; };
		56121C2629E271610055BD28 /* FetchPhase.swift */ = {isa = PBXFileReference; lastKnownFileType = sourcecode.swift; path = FetchPhase.swift; sourceTree = "<group>"; };
		56121C2929E272AF0055BD28 /* StocksAPI.swift */ = {isa = PBXFileReference; lastKnownFileType = sourcecode.swift; path = StocksAPI.swift; sourceTree = "<group>"; };
		56121C2B29E272F30055BD28 /* Chart.swift */ = {isa = PBXFileReference; lastKnownFileType = sourcecode.swift; path = Chart.swift; sourceTree = "<group>"; };
		56121C2E29E2ED8C0055BD28 /* Foundation+Extensions.swift */ = {isa = PBXFileReference; lastKnownFileType = sourcecode.swift; path = "Foundation+Extensions.swift"; sourceTree = "<group>"; };
		56121C3129E2EF1D0055BD28 /* Chart_Stubs.swift */ = {isa = PBXFileReference; lastKnownFileType = sourcecode.swift; path = Chart_Stubs.swift; sourceTree = "<group>"; };
		56121C3329E2F59E0055BD28 /* Utils.swift */ = {isa = PBXFileReference; lastKnownFileType = sourcecode.swift; path = Utils.swift; sourceTree = "<group>"; };
		562EA7E829A2131D00F781CE /* APIConfig.swift */ = {isa = PBXFileReference; lastKnownFileType = sourcecode.swift; path = APIConfig.swift; sourceTree = "<group>"; };
		56C347EF2923CAC300F60604 /* Realtime Demo.app */ = {isa = PBXFileReference; explicitFileType = wrapper.application; includeInIndex = 0; path = "Realtime Demo.app"; sourceTree = BUILT_PRODUCTS_DIR; };
		56C347F22923CAC300F60604 /* Realtime_DemoApp.swift */ = {isa = PBXFileReference; lastKnownFileType = sourcecode.swift; path = Realtime_DemoApp.swift; sourceTree = "<group>"; };
		56C347F42923CAC300F60604 /* ContentView.swift */ = {isa = PBXFileReference; lastKnownFileType = sourcecode.swift; path = ContentView.swift; sourceTree = "<group>"; };
		56C347F62923CAC300F60604 /* Assets.xcassets */ = {isa = PBXFileReference; lastKnownFileType = folder.assetcatalog; path = Assets.xcassets; sourceTree = "<group>"; };
		56C347F92923CAC300F60604 /* Preview Assets.xcassets */ = {isa = PBXFileReference; lastKnownFileType = folder.assetcatalog; path = "Preview Assets.xcassets"; sourceTree = "<group>"; };
		56C347FF2923CAC300F60604 /* Realtime DemoTests.xctest */ = {isa = PBXFileReference; explicitFileType = wrapper.cfbundle; includeInIndex = 0; path = "Realtime DemoTests.xctest"; sourceTree = BUILT_PRODUCTS_DIR; };
		56C348032923CAC300F60604 /* Realtime_DemoTests.swift */ = {isa = PBXFileReference; lastKnownFileType = sourcecode.swift; path = Realtime_DemoTests.swift; sourceTree = "<group>"; };
		56C348092923CAC300F60604 /* Realtime DemoUITests.xctest */ = {isa = PBXFileReference; explicitFileType = wrapper.cfbundle; includeInIndex = 0; path = "Realtime DemoUITests.xctest"; sourceTree = BUILT_PRODUCTS_DIR; };
		56C3480D2923CAC300F60604 /* Realtime_DemoUITests.swift */ = {isa = PBXFileReference; lastKnownFileType = sourcecode.swift; path = Realtime_DemoUITests.swift; sourceTree = "<group>"; };
		56C3480F2923CAC300F60604 /* Realtime_DemoUITestsLaunchTests.swift */ = {isa = PBXFileReference; lastKnownFileType = sourcecode.swift; path = Realtime_DemoUITestsLaunchTests.swift; sourceTree = "<group>"; };
/* End PBXFileReference section */

/* Begin PBXFrameworksBuildPhase section */
		56C347EC2923CAC300F60604 /* Frameworks */ = {
			isa = PBXFrameworksBuildPhase;
			buildActionMask = 2147483647;
			files = (
				56C3481E2923CAE300F60604 /* fugle-realtime-swift in Frameworks */,
			);
			runOnlyForDeploymentPostprocessing = 0;
		};
		56C347FC2923CAC300F60604 /* Frameworks */ = {
			isa = PBXFrameworksBuildPhase;
			buildActionMask = 2147483647;
			files = (
			);
			runOnlyForDeploymentPostprocessing = 0;
		};
		56C348062923CAC300F60604 /* Frameworks */ = {
			isa = PBXFrameworksBuildPhase;
			buildActionMask = 2147483647;
			files = (
			);
			runOnlyForDeploymentPostprocessing = 0;
		};
/* End PBXFrameworksBuildPhase section */

/* Begin PBXGroup section */
		56121C1D29E26FC70055BD28 /* Views */ = {
			isa = PBXGroup;
			children = (
				56121C1E29E26FD40055BD28 /* ChartView.swift */,
			);
			path = Views;
			sourceTree = "<group>";
		};
		56121C2029E2702A0055BD28 /* Models */ = {
			isa = PBXGroup;
			children = (
				56121C2129E2703A0055BD28 /* ChartViewData.swift */,
				56121C2629E271610055BD28 /* FetchPhase.swift */,
				56121C2B29E272F30055BD28 /* Chart.swift */,
			);
			path = Models;
			sourceTree = "<group>";
		};
		56121C2329E270670055BD28 /* View Models */ = {
			isa = PBXGroup;
			children = (
				56121C2429E270750055BD28 /* ChartViewModel.swift */,
			);
			path = "View Models";
			sourceTree = "<group>";
		};
		56121C2829E272A10055BD28 /* Services */ = {
			isa = PBXGroup;
			children = (
				56121C2929E272AF0055BD28 /* StocksAPI.swift */,
			);
			path = Services;
			sourceTree = "<group>";
		};
		56121C2D29E2ED7F0055BD28 /* Extensions */ = {
			isa = PBXGroup;
			children = (
				56121C2E29E2ED8C0055BD28 /* Foundation+Extensions.swift */,
			);
			path = Extensions;
			sourceTree = "<group>";
		};
		56121C3029E2EF010055BD28 /* Mocks & Stubs */ = {
			isa = PBXGroup;
			children = (
				56121C3129E2EF1D0055BD28 /* Chart_Stubs.swift */,
			);
			path = "Mocks & Stubs";
			sourceTree = "<group>";
		};
		56C347E62923CAC300F60604 = {
			isa = PBXGroup;
			children = (
				56C347F12923CAC300F60604 /* Realtime Demo */,
				56C348022923CAC300F60604 /* Realtime DemoTests */,
				56C3480C2923CAC300F60604 /* Realtime DemoUITests */,
				56C347F02923CAC300F60604 /* Products */,
				56C3481C2923CAE300F60604 /* Frameworks */,
			);
			sourceTree = "<group>";
		};
		56C347F02923CAC300F60604 /* Products */ = {
			isa = PBXGroup;
			children = (
				56C347EF2923CAC300F60604 /* Realtime Demo.app */,
				56C347FF2923CAC300F60604 /* Realtime DemoTests.xctest */,
				56C348092923CAC300F60604 /* Realtime DemoUITests.xctest */,
			);
			name = Products;
			sourceTree = "<group>";
		};
		56C347F12923CAC300F60604 /* Realtime Demo */ = {
			isa = PBXGroup;
			children = (
				56C347F42923CAC300F60604 /* ContentView.swift */,
				56049E3529A20BE400E8E551 /* HTTPView.swift */,
				56049E3729A20E4D00E8E551 /* WebSocketView.swift */,
				562EA7E829A2131D00F781CE /* APIConfig.swift */,
				56C347F62923CAC300F60604 /* Assets.xcassets */,
				56121C2D29E2ED7F0055BD28 /* Extensions */,
				56121C3029E2EF010055BD28 /* Mocks & Stubs */,
				56121C2029E2702A0055BD28 /* Models */,
				56C347F82923CAC300F60604 /* Preview Content */,
				56C347F22923CAC300F60604 /* Realtime_DemoApp.swift */,
				56121C2829E272A10055BD28 /* Services */,
				56121C2329E270670055BD28 /* View Models */,
				56121C1D29E26FC70055BD28 /* Views */,
				56121C3329E2F59E0055BD28 /* Utils.swift */,
			);
			path = "Realtime Demo";
			sourceTree = "<group>";
		};
		56C347F82923CAC300F60604 /* Preview Content */ = {
			isa = PBXGroup;
			children = (
				56C347F92923CAC300F60604 /* Preview Assets.xcassets */,
			);
			path = "Preview Content";
			sourceTree = "<group>";
		};
		56C348022923CAC300F60604 /* Realtime DemoTests */ = {
			isa = PBXGroup;
			children = (
				56C348032923CAC300F60604 /* Realtime_DemoTests.swift */,
			);
			path = "Realtime DemoTests";
			sourceTree = "<group>";
		};
		56C3480C2923CAC300F60604 /* Realtime DemoUITests */ = {
			isa = PBXGroup;
			children = (
				56C3480D2923CAC300F60604 /* Realtime_DemoUITests.swift */,
				56C3480F2923CAC300F60604 /* Realtime_DemoUITestsLaunchTests.swift */,
			);
			path = "Realtime DemoUITests";
			sourceTree = "<group>";
		};
		56C3481C2923CAE300F60604 /* Frameworks */ = {
			isa = PBXGroup;
			children = (
			);
			name = Frameworks;
			sourceTree = "<group>";
		};
/* End PBXGroup section */

/* Begin PBXNativeTarget section */
		56C347EE2923CAC300F60604 /* Realtime Demo */ = {
			isa = PBXNativeTarget;
			buildConfigurationList = 56C348132923CAC300F60604 /* Build configuration list for PBXNativeTarget "Realtime Demo" */;
			buildPhases = (
				56C347EB2923CAC300F60604 /* Sources */,
				56C347EC2923CAC300F60604 /* Frameworks */,
				56C347ED2923CAC300F60604 /* Resources */,
			);
			buildRules = (
			);
			dependencies = (
			);
			name = "Realtime Demo";
			packageProductDependencies = (
				56C3481D2923CAE300F60604 /* fugle-realtime-swift */,
			);
			productName = "Realtime Demo";
			productReference = 56C347EF2923CAC300F60604 /* Realtime Demo.app */;
			productType = "com.apple.product-type.application";
		};
		56C347FE2923CAC300F60604 /* Realtime DemoTests */ = {
			isa = PBXNativeTarget;
			buildConfigurationList = 56C348162923CAC300F60604 /* Build configuration list for PBXNativeTarget "Realtime DemoTests" */;
			buildPhases = (
				56C347FB2923CAC300F60604 /* Sources */,
				56C347FC2923CAC300F60604 /* Frameworks */,
				56C347FD2923CAC300F60604 /* Resources */,
			);
			buildRules = (
			);
			dependencies = (
				56C348012923CAC300F60604 /* PBXTargetDependency */,
			);
			name = "Realtime DemoTests";
			productName = "Realtime DemoTests";
			productReference = 56C347FF2923CAC300F60604 /* Realtime DemoTests.xctest */;
			productType = "com.apple.product-type.bundle.unit-test";
		};
		56C348082923CAC300F60604 /* Realtime DemoUITests */ = {
			isa = PBXNativeTarget;
			buildConfigurationList = 56C348192923CAC300F60604 /* Build configuration list for PBXNativeTarget "Realtime DemoUITests" */;
			buildPhases = (
				56C348052923CAC300F60604 /* Sources */,
				56C348062923CAC300F60604 /* Frameworks */,
				56C348072923CAC300F60604 /* Resources */,
			);
			buildRules = (
			);
			dependencies = (
				56C3480B2923CAC300F60604 /* PBXTargetDependency */,
			);
			name = "Realtime DemoUITests";
			productName = "Realtime DemoUITests";
			productReference = 56C348092923CAC300F60604 /* Realtime DemoUITests.xctest */;
			productType = "com.apple.product-type.bundle.ui-testing";
		};
/* End PBXNativeTarget section */

/* Begin PBXProject section */
		56C347E72923CAC300F60604 /* Project object */ = {
			isa = PBXProject;
			attributes = {
				BuildIndependentTargetsInParallel = 1;
				LastSwiftUpdateCheck = 1410;
				LastUpgradeCheck = 1410;
				TargetAttributes = {
					56C347EE2923CAC300F60604 = {
						CreatedOnToolsVersion = 14.1;
					};
					56C347FE2923CAC300F60604 = {
						CreatedOnToolsVersion = 14.1;
						TestTargetID = 56C347EE2923CAC300F60604;
					};
					56C348082923CAC300F60604 = {
						CreatedOnToolsVersion = 14.1;
						TestTargetID = 56C347EE2923CAC300F60604;
					};
				};
			};
			buildConfigurationList = 56C347EA2923CAC300F60604 /* Build configuration list for PBXProject "Realtime Demo" */;
			compatibilityVersion = "Xcode 14.0";
			developmentRegion = en;
			hasScannedForEncodings = 0;
			knownRegions = (
				en,
				Base,
			);
			mainGroup = 56C347E62923CAC300F60604;
			productRefGroup = 56C347F02923CAC300F60604 /* Products */;
			projectDirPath = "";
			projectRoot = "";
			targets = (
				56C347EE2923CAC300F60604 /* Realtime Demo */,
				56C347FE2923CAC300F60604 /* Realtime DemoTests */,
				56C348082923CAC300F60604 /* Realtime DemoUITests */,
			);
		};
/* End PBXProject section */

/* Begin PBXResourcesBuildPhase section */
		56C347ED2923CAC300F60604 /* Resources */ = {
			isa = PBXResourcesBuildPhase;
			buildActionMask = 2147483647;
			files = (
				56C347FA2923CAC300F60604 /* Preview Assets.xcassets in Resources */,
				56C347F72923CAC300F60604 /* Assets.xcassets in Resources */,
			);
			runOnlyForDeploymentPostprocessing = 0;
		};
		56C347FD2923CAC300F60604 /* Resources */ = {
			isa = PBXResourcesBuildPhase;
			buildActionMask = 2147483647;
			files = (
			);
			runOnlyForDeploymentPostprocessing = 0;
		};
		56C348072923CAC300F60604 /* Resources */ = {
			isa = PBXResourcesBuildPhase;
			buildActionMask = 2147483647;
			files = (
			);
			runOnlyForDeploymentPostprocessing = 0;
		};
/* End PBXResourcesBuildPhase section */

/* Begin PBXSourcesBuildPhase section */
		56C347EB2923CAC300F60604 /* Sources */ = {
			isa = PBXSourcesBuildPhase;
			buildActionMask = 2147483647;
			files = (
				56049E3829A20E4D00E8E551 /* WebSocketView.swift in Sources */,
				56121C2A29E272AF0055BD28 /* StocksAPI.swift in Sources */,
				56C347F52923CAC300F60604 /* ContentView.swift in Sources */,
				56121C3429E2F59E0055BD28 /* Utils.swift in Sources */,
				56049E3629A20BE400E8E551 /* HTTPView.swift in Sources */,
				56C347F32923CAC300F60604 /* Realtime_DemoApp.swift in Sources */,
				562EA7E929A2131D00F781CE /* APIConfig.swift in Sources */,
				56121C3229E2EF1D0055BD28 /* Chart_Stubs.swift in Sources */,
				56121C2529E270750055BD28 /* ChartViewModel.swift in Sources */,
				56121C1F29E26FD40055BD28 /* ChartView.swift in Sources */,
				56121C2F29E2ED8C0055BD28 /* Foundation+Extensions.swift in Sources */,
				56121C2729E271610055BD28 /* FetchPhase.swift in Sources */,
				56121C2C29E272F30055BD28 /* Chart.swift in Sources */,
				56121C2229E2703A0055BD28 /* ChartViewData.swift in Sources */,
			);
			runOnlyForDeploymentPostprocessing = 0;
		};
		56C347FB2923CAC300F60604 /* Sources */ = {
			isa = PBXSourcesBuildPhase;
			buildActionMask = 2147483647;
			files = (
				56C348042923CAC300F60604 /* Realtime_DemoTests.swift in Sources */,
			);
			runOnlyForDeploymentPostprocessing = 0;
		};
		56C348052923CAC300F60604 /* Sources */ = {
			isa = PBXSourcesBuildPhase;
			buildActionMask = 2147483647;
			files = (
				56C348102923CAC300F60604 /* Realtime_DemoUITestsLaunchTests.swift in Sources */,
				56C3480E2923CAC300F60604 /* Realtime_DemoUITests.swift in Sources */,
			);
			runOnlyForDeploymentPostprocessing = 0;
		};
/* End PBXSourcesBuildPhase section */

/* Begin PBXTargetDependency section */
		56C348012923CAC300F60604 /* PBXTargetDependency */ = {
			isa = PBXTargetDependency;
			target = 56C347EE2923CAC300F60604 /* Realtime Demo */;
			targetProxy = 56C348002923CAC300F60604 /* PBXContainerItemProxy */;
		};
		56C3480B2923CAC300F60604 /* PBXTargetDependency */ = {
			isa = PBXTargetDependency;
			target = 56C347EE2923CAC300F60604 /* Realtime Demo */;
			targetProxy = 56C3480A2923CAC300F60604 /* PBXContainerItemProxy */;
		};
/* End PBXTargetDependency section */

/* Begin XCBuildConfiguration section */
		56C348112923CAC300F60604 /* Debug */ = {
			isa = XCBuildConfiguration;
			buildSettings = {
				ALWAYS_SEARCH_USER_PATHS = NO;
				CLANG_ANALYZER_NONNULL = YES;
				CLANG_ANALYZER_NUMBER_OBJECT_CONVERSION = YES_AGGRESSIVE;
				CLANG_CXX_LANGUAGE_STANDARD = "gnu++20";
				CLANG_ENABLE_MODULES = YES;
				CLANG_ENABLE_OBJC_ARC = YES;
				CLANG_ENABLE_OBJC_WEAK = YES;
				CLANG_WARN_BLOCK_CAPTURE_AUTORELEASING = YES;
				CLANG_WARN_BOOL_CONVERSION = YES;
				CLANG_WARN_COMMA = YES;
				CLANG_WARN_CONSTANT_CONVERSION = YES;
				CLANG_WARN_DEPRECATED_OBJC_IMPLEMENTATIONS = YES;
				CLANG_WARN_DIRECT_OBJC_ISA_USAGE = YES_ERROR;
				CLANG_WARN_DOCUMENTATION_COMMENTS = YES;
				CLANG_WARN_EMPTY_BODY = YES;
				CLANG_WARN_ENUM_CONVERSION = YES;
				CLANG_WARN_INFINITE_RECURSION = YES;
				CLANG_WARN_INT_CONVERSION = YES;
				CLANG_WARN_NON_LITERAL_NULL_CONVERSION = YES;
				CLANG_WARN_OBJC_IMPLICIT_RETAIN_SELF = YES;
				CLANG_WARN_OBJC_LITERAL_CONVERSION = YES;
				CLANG_WARN_OBJC_ROOT_CLASS = YES_ERROR;
				CLANG_WARN_QUOTED_INCLUDE_IN_FRAMEWORK_HEADER = YES;
				CLANG_WARN_RANGE_LOOP_ANALYSIS = YES;
				CLANG_WARN_STRICT_PROTOTYPES = YES;
				CLANG_WARN_SUSPICIOUS_MOVE = YES;
				CLANG_WARN_UNGUARDED_AVAILABILITY = YES_AGGRESSIVE;
				CLANG_WARN_UNREACHABLE_CODE = YES;
				CLANG_WARN__DUPLICATE_METHOD_MATCH = YES;
				COPY_PHASE_STRIP = NO;
				DEBUG_INFORMATION_FORMAT = dwarf;
				ENABLE_STRICT_OBJC_MSGSEND = YES;
				ENABLE_TESTABILITY = YES;
				GCC_C_LANGUAGE_STANDARD = gnu11;
				GCC_DYNAMIC_NO_PIC = NO;
				GCC_NO_COMMON_BLOCKS = YES;
				GCC_OPTIMIZATION_LEVEL = 0;
				GCC_PREPROCESSOR_DEFINITIONS = (
					"DEBUG=1",
					"$(inherited)",
				);
				GCC_WARN_64_TO_32_BIT_CONVERSION = YES;
				GCC_WARN_ABOUT_RETURN_TYPE = YES_ERROR;
				GCC_WARN_UNDECLARED_SELECTOR = YES;
				GCC_WARN_UNINITIALIZED_AUTOS = YES_AGGRESSIVE;
				GCC_WARN_UNUSED_FUNCTION = YES;
				GCC_WARN_UNUSED_VARIABLE = YES;
				IPHONEOS_DEPLOYMENT_TARGET = 16.1;
				MTL_ENABLE_DEBUG_INFO = INCLUDE_SOURCE;
				MTL_FAST_MATH = YES;
				ONLY_ACTIVE_ARCH = YES;
				SDKROOT = iphoneos;
				SWIFT_ACTIVE_COMPILATION_CONDITIONS = DEBUG;
				SWIFT_OPTIMIZATION_LEVEL = "-Onone";
			};
			name = Debug;
		};
		56C348122923CAC300F60604 /* Release */ = {
			isa = XCBuildConfiguration;
			buildSettings = {
				ALWAYS_SEARCH_USER_PATHS = NO;
				CLANG_ANALYZER_NONNULL = YES;
				CLANG_ANALYZER_NUMBER_OBJECT_CONVERSION = YES_AGGRESSIVE;
				CLANG_CXX_LANGUAGE_STANDARD = "gnu++20";
				CLANG_ENABLE_MODULES = YES;
				CLANG_ENABLE_OBJC_ARC = YES;
				CLANG_ENABLE_OBJC_WEAK = YES;
				CLANG_WARN_BLOCK_CAPTURE_AUTORELEASING = YES;
				CLANG_WARN_BOOL_CONVERSION = YES;
				CLANG_WARN_COMMA = YES;
				CLANG_WARN_CONSTANT_CONVERSION = YES;
				CLANG_WARN_DEPRECATED_OBJC_IMPLEMENTATIONS = YES;
				CLANG_WARN_DIRECT_OBJC_ISA_USAGE = YES_ERROR;
				CLANG_WARN_DOCUMENTATION_COMMENTS = YES;
				CLANG_WARN_EMPTY_BODY = YES;
				CLANG_WARN_ENUM_CONVERSION = YES;
				CLANG_WARN_INFINITE_RECURSION = YES;
				CLANG_WARN_INT_CONVERSION = YES;
				CLANG_WARN_NON_LITERAL_NULL_CONVERSION = YES;
				CLANG_WARN_OBJC_IMPLICIT_RETAIN_SELF = YES;
				CLANG_WARN_OBJC_LITERAL_CONVERSION = YES;
				CLANG_WARN_OBJC_ROOT_CLASS = YES_ERROR;
				CLANG_WARN_QUOTED_INCLUDE_IN_FRAMEWORK_HEADER = YES;
				CLANG_WARN_RANGE_LOOP_ANALYSIS = YES;
				CLANG_WARN_STRICT_PROTOTYPES = YES;
				CLANG_WARN_SUSPICIOUS_MOVE = YES;
				CLANG_WARN_UNGUARDED_AVAILABILITY = YES_AGGRESSIVE;
				CLANG_WARN_UNREACHABLE_CODE = YES;
				CLANG_WARN__DUPLICATE_METHOD_MATCH = YES;
				COPY_PHASE_STRIP = NO;
				DEBUG_INFORMATION_FORMAT = "dwarf-with-dsym";
				ENABLE_NS_ASSERTIONS = NO;
				ENABLE_STRICT_OBJC_MSGSEND = YES;
				GCC_C_LANGUAGE_STANDARD = gnu11;
				GCC_NO_COMMON_BLOCKS = YES;
				GCC_WARN_64_TO_32_BIT_CONVERSION = YES;
				GCC_WARN_ABOUT_RETURN_TYPE = YES_ERROR;
				GCC_WARN_UNDECLARED_SELECTOR = YES;
				GCC_WARN_UNINITIALIZED_AUTOS = YES_AGGRESSIVE;
				GCC_WARN_UNUSED_FUNCTION = YES;
				GCC_WARN_UNUSED_VARIABLE = YES;
				IPHONEOS_DEPLOYMENT_TARGET = 16.1;
				MTL_ENABLE_DEBUG_INFO = NO;
				MTL_FAST_MATH = YES;
				SDKROOT = iphoneos;
				SWIFT_COMPILATION_MODE = wholemodule;
				SWIFT_OPTIMIZATION_LEVEL = "-O";
				VALIDATE_PRODUCT = YES;
			};
			name = Release;
		};
		56C348142923CAC300F60604 /* Debug */ = {
			isa = XCBuildConfiguration;
			buildSettings = {
				ASSETCATALOG_COMPILER_APPICON_NAME = AppIcon;
				ASSETCATALOG_COMPILER_GLOBAL_ACCENT_COLOR_NAME = AccentColor;
				CODE_SIGN_STYLE = Automatic;
				CURRENT_PROJECT_VERSION = 1;
				DEVELOPMENT_ASSET_PATHS = "\"Realtime Demo/Preview Content\"";
				DEVELOPMENT_TEAM = A2BW4UK926;
				ENABLE_PREVIEWS = YES;
				GENERATE_INFOPLIST_FILE = YES;
				INFOPLIST_KEY_UIApplicationSceneManifest_Generation = YES;
				INFOPLIST_KEY_UIApplicationSupportsIndirectInputEvents = YES;
				INFOPLIST_KEY_UILaunchScreen_Generation = YES;
				INFOPLIST_KEY_UISupportedInterfaceOrientations_iPad = "UIInterfaceOrientationPortrait UIInterfaceOrientationPortraitUpsideDown UIInterfaceOrientationLandscapeLeft UIInterfaceOrientationLandscapeRight";
				INFOPLIST_KEY_UISupportedInterfaceOrientations_iPhone = "UIInterfaceOrientationPortrait UIInterfaceOrientationLandscapeLeft UIInterfaceOrientationLandscapeRight";
				LD_RUNPATH_SEARCH_PATHS = (
					"$(inherited)",
					"@executable_path/Frameworks",
				);
				MARKETING_VERSION = 1.0;
				PRODUCT_BUNDLE_IDENTIFIER = "tw.fugle.Realtime-Demo";
				PRODUCT_NAME = "$(TARGET_NAME)";
				SWIFT_EMIT_LOC_STRINGS = YES;
				SWIFT_VERSION = 5.0;
				TARGETED_DEVICE_FAMILY = "1,2";
			};
			name = Debug;
		};
		56C348152923CAC300F60604 /* Release */ = {
			isa = XCBuildConfiguration;
			buildSettings = {
				ASSETCATALOG_COMPILER_APPICON_NAME = AppIcon;
				ASSETCATALOG_COMPILER_GLOBAL_ACCENT_COLOR_NAME = AccentColor;
				CODE_SIGN_STYLE = Automatic;
				CURRENT_PROJECT_VERSION = 1;
				DEVELOPMENT_ASSET_PATHS = "\"Realtime Demo/Preview Content\"";
				DEVELOPMENT_TEAM = A2BW4UK926;
				ENABLE_PREVIEWS = YES;
				GENERATE_INFOPLIST_FILE = YES;
				INFOPLIST_KEY_UIApplicationSceneManifest_Generation = YES;
				INFOPLIST_KEY_UIApplicationSupportsIndirectInputEvents = YES;
				INFOPLIST_KEY_UILaunchScreen_Generation = YES;
				INFOPLIST_KEY_UISupportedInterfaceOrientations_iPad = "UIInterfaceOrientationPortrait UIInterfaceOrientationPortraitUpsideDown UIInterfaceOrientationLandscapeLeft UIInterfaceOrientationLandscapeRight";
				INFOPLIST_KEY_UISupportedInterfaceOrientations_iPhone = "UIInterfaceOrientationPortrait UIInterfaceOrientationLandscapeLeft UIInterfaceOrientationLandscapeRight";
				LD_RUNPATH_SEARCH_PATHS = (
					"$(inherited)",
					"@executable_path/Frameworks",
				);
				MARKETING_VERSION = 1.0;
				PRODUCT_BUNDLE_IDENTIFIER = "tw.fugle.Realtime-Demo";
				PRODUCT_NAME = "$(TARGET_NAME)";
				SWIFT_EMIT_LOC_STRINGS = YES;
				SWIFT_VERSION = 5.0;
				TARGETED_DEVICE_FAMILY = "1,2";
			};
			name = Release;
		};
		56C348172923CAC300F60604 /* Debug */ = {
			isa = XCBuildConfiguration;
			buildSettings = {
				ALWAYS_EMBED_SWIFT_STANDARD_LIBRARIES = YES;
				BUNDLE_LOADER = "$(TEST_HOST)";
				CODE_SIGN_STYLE = Automatic;
				CURRENT_PROJECT_VERSION = 1;
				DEVELOPMENT_TEAM = A2BW4UK926;
				GENERATE_INFOPLIST_FILE = YES;
				IPHONEOS_DEPLOYMENT_TARGET = 16.1;
				MARKETING_VERSION = 1.0;
				PRODUCT_BUNDLE_IDENTIFIER = "tw.fugle.Realtime-DemoTests";
				PRODUCT_NAME = "$(TARGET_NAME)";
				SWIFT_EMIT_LOC_STRINGS = NO;
				SWIFT_VERSION = 5.0;
				TARGETED_DEVICE_FAMILY = "1,2";
				TEST_HOST = "$(BUILT_PRODUCTS_DIR)/Realtime Demo.app/$(BUNDLE_EXECUTABLE_FOLDER_PATH)/Realtime Demo";
			};
			name = Debug;
		};
		56C348182923CAC300F60604 /* Release */ = {
			isa = XCBuildConfiguration;
			buildSettings = {
				ALWAYS_EMBED_SWIFT_STANDARD_LIBRARIES = YES;
				BUNDLE_LOADER = "$(TEST_HOST)";
				CODE_SIGN_STYLE = Automatic;
				CURRENT_PROJECT_VERSION = 1;
				DEVELOPMENT_TEAM = A2BW4UK926;
				GENERATE_INFOPLIST_FILE = YES;
				IPHONEOS_DEPLOYMENT_TARGET = 16.1;
				MARKETING_VERSION = 1.0;
				PRODUCT_BUNDLE_IDENTIFIER = "tw.fugle.Realtime-DemoTests";
				PRODUCT_NAME = "$(TARGET_NAME)";
				SWIFT_EMIT_LOC_STRINGS = NO;
				SWIFT_VERSION = 5.0;
				TARGETED_DEVICE_FAMILY = "1,2";
				TEST_HOST = "$(BUILT_PRODUCTS_DIR)/Realtime Demo.app/$(BUNDLE_EXECUTABLE_FOLDER_PATH)/Realtime Demo";
			};
			name = Release;
		};
		56C3481A2923CAC300F60604 /* Debug */ = {
			isa = XCBuildConfiguration;
			buildSettings = {
				ALWAYS_EMBED_SWIFT_STANDARD_LIBRARIES = YES;
				CODE_SIGN_STYLE = Automatic;
				CURRENT_PROJECT_VERSION = 1;
				DEVELOPMENT_TEAM = A2BW4UK926;
				GENERATE_INFOPLIST_FILE = YES;
				MARKETING_VERSION = 1.0;
				PRODUCT_BUNDLE_IDENTIFIER = "tw.fugle.Realtime-DemoUITests";
				PRODUCT_NAME = "$(TARGET_NAME)";
				SWIFT_EMIT_LOC_STRINGS = NO;
				SWIFT_VERSION = 5.0;
				TARGETED_DEVICE_FAMILY = "1,2";
				TEST_TARGET_NAME = "Realtime Demo";
			};
			name = Debug;
		};
		56C3481B2923CAC300F60604 /* Release */ = {
			isa = XCBuildConfiguration;
			buildSettings = {
				ALWAYS_EMBED_SWIFT_STANDARD_LIBRARIES = YES;
				CODE_SIGN_STYLE = Automatic;
				CURRENT_PROJECT_VERSION = 1;
				DEVELOPMENT_TEAM = A2BW4UK926;
				GENERATE_INFOPLIST_FILE = YES;
				MARKETING_VERSION = 1.0;
				PRODUCT_BUNDLE_IDENTIFIER = "tw.fugle.Realtime-DemoUITests";
				PRODUCT_NAME = "$(TARGET_NAME)";
				SWIFT_EMIT_LOC_STRINGS = NO;
				SWIFT_VERSION = 5.0;
				TARGETED_DEVICE_FAMILY = "1,2";
				TEST_TARGET_NAME = "Realtime Demo";
			};
			name = Release;
		};
/* End XCBuildConfiguration section */

/* Begin XCConfigurationList section */
		56C347EA2923CAC300F60604 /* Build configuration list for PBXProject "Realtime Demo" */ = {
			isa = XCConfigurationList;
			buildConfigurations = (
				56C348112923CAC300F60604 /* Debug */,
				56C348122923CAC300F60604 /* Release */,
			);
			defaultConfigurationIsVisible = 0;
			defaultConfigurationName = Release;
		};
		56C348132923CAC300F60604 /* Build configuration list for PBXNativeTarget "Realtime Demo" */ = {
			isa = XCConfigurationList;
			buildConfigurations = (
				56C348142923CAC300F60604 /* Debug */,
				56C348152923CAC300F60604 /* Release */,
			);
			defaultConfigurationIsVisible = 0;
			defaultConfigurationName = Release;
		};
		56C348162923CAC300F60604 /* Build configuration list for PBXNativeTarget "Realtime DemoTests" */ = {
			isa = XCConfigurationList;
			buildConfigurations = (
				56C348172923CAC300F60604 /* Debug */,
				56C348182923CAC300F60604 /* Release */,
			);
			defaultConfigurationIsVisible = 0;
			defaultConfigurationName = Release;
		};
		56C348192923CAC300F60604 /* Build configuration list for PBXNativeTarget "Realtime DemoUITests" */ = {
			isa = XCConfigurationList;
			buildConfigurations = (
				56C3481A2923CAC300F60604 /* Debug */,
				56C3481B2923CAC300F60604 /* Release */,
			);
			defaultConfigurationIsVisible = 0;
			defaultConfigurationName = Release;
		};
/* End XCConfigurationList section */

/* Begin XCSwiftPackageProductDependency section */
		56C3481D2923CAE300F60604 /* fugle-realtime-swift */ = {
			isa = XCSwiftPackageProductDependency;
			productName = "fugle-realtime-swift";
		};
/* End XCSwiftPackageProductDependency section */
	};
	rootObject = 56C347E72923CAC300F60604 /* Project object */;
}
